// !$*UTF8*$!
{
	archiveVersion = 1;
	classes = {
	};
	objectVersion = 55;
	objects = {

/* Begin PBXBuildFile section */
		C014603F275FDE36003B8F36 /* PetPost.swift in Sources */ = {isa = PBXBuildFile; fileRef = C014603E275FDE36003B8F36 /* PetPost.swift */; };
		C0146041275FDE7C003B8F36 /* User.swift in Sources */ = {isa = PBXBuildFile; fileRef = C0146040275FDE7C003B8F36 /* User.swift */; };
		C0282810275ECAB400AB080F /* HelpetsApp.swift in Sources */ = {isa = PBXBuildFile; fileRef = C028280F275ECAB400AB080F /* HelpetsApp.swift */; };
		C0282812275ECAB400AB080F /* ContentView.swift in Sources */ = {isa = PBXBuildFile; fileRef = C0282811275ECAB400AB080F /* ContentView.swift */; };
		C0282814275ECAB500AB080F /* Assets.xcassets in Resources */ = {isa = PBXBuildFile; fileRef = C0282813275ECAB500AB080F /* Assets.xcassets */; };
		C0282817275ECAB500AB080F /* Preview Assets.xcassets in Resources */ = {isa = PBXBuildFile; fileRef = C0282816275ECAB500AB080F /* Preview Assets.xcassets */; };
		C028281E275ECB1000AB080F /* PostDetailsView.swift in Sources */ = {isa = PBXBuildFile; fileRef = C028281D275ECB1000AB080F /* PostDetailsView.swift */; };
		C0282821275ECB2C00AB080F /* CategoryView.swift in Sources */ = {isa = PBXBuildFile; fileRef = C0282820275ECB2C00AB080F /* CategoryView.swift */; };
		C0282823275ECB3900AB080F /* ColorExtension.swift in Sources */ = {isa = PBXBuildFile; fileRef = C0282822275ECB3900AB080F /* ColorExtension.swift */; };
		C0282825275ECB4600AB080F /* DataManager.swift in Sources */ = {isa = PBXBuildFile; fileRef = C0282824275ECB4600AB080F /* DataManager.swift */; };
		C0282828275ECB6000AB080F /* FormProfileRegView.swift in Sources */ = {isa = PBXBuildFile; fileRef = C0282827275ECB6000AB080F /* FormProfileRegView.swift */; };
		C028282A275ECB6D00AB080F /* MyPostsView.swift in Sources */ = {isa = PBXBuildFile; fileRef = C0282829275ECB6D00AB080F /* MyPostsView.swift */; };
		C028282C275ECB7E00AB080F /* ProfileView.swift in Sources */ = {isa = PBXBuildFile; fileRef = C028282B275ECB7E00AB080F /* ProfileView.swift */; };
		C028282E275ECB8C00AB080F /* SignInWithAppleView.swift in Sources */ = {isa = PBXBuildFile; fileRef = C028282D275ECB8C00AB080F /* SignInWithAppleView.swift */; };
		C0282831275ECBAE00AB080F /* FormPostView.swift in Sources */ = {isa = PBXBuildFile; fileRef = C0282830275ECBAE00AB080F /* FormPostView.swift */; };
		C0282836275ECBC600AB080F /* CategoryItem.swift in Sources */ = {isa = PBXBuildFile; fileRef = C0282835275ECBC600AB080F /* CategoryItem.swift */; };
		C0282838275ECBD200AB080F /* ItemCard.swift in Sources */ = {isa = PBXBuildFile; fileRef = C0282837275ECBD200AB080F /* ItemCard.swift */; };
		C028283A275ECBDF00AB080F /* PostCard.swift in Sources */ = {isa = PBXBuildFile; fileRef = C0282839275ECBDF00AB080F /* PostCard.swift */; };
		C0EAB6D7275FE553001E869B /* Item.swift in Sources */ = {isa = PBXBuildFile; fileRef = C0EAB6D6275FE553001E869B /* Item.swift */; };
		C87D136F27612028008C1477 /* CategorySearch.swift in Sources */ = {isa = PBXBuildFile; fileRef = C87D136E27612028008C1477 /* CategorySearch.swift */; };
/* End PBXBuildFile section */

/* Begin PBXFileReference section */
		C014603E275FDE36003B8F36 /* PetPost.swift */ = {isa = PBXFileReference; lastKnownFileType = sourcecode.swift; path = PetPost.swift; sourceTree = "<group>"; };
		C0146040275FDE7C003B8F36 /* User.swift */ = {isa = PBXFileReference; lastKnownFileType = sourcecode.swift; path = User.swift; sourceTree = "<group>"; };
		C028280C275ECAB400AB080F /* Helpets.app */ = {isa = PBXFileReference; explicitFileType = wrapper.application; includeInIndex = 0; path = Helpets.app; sourceTree = BUILT_PRODUCTS_DIR; };
		C028280F275ECAB400AB080F /* HelpetsApp.swift */ = {isa = PBXFileReference; lastKnownFileType = sourcecode.swift; path = HelpetsApp.swift; sourceTree = "<group>"; };
		C0282811275ECAB400AB080F /* ContentView.swift */ = {isa = PBXFileReference; lastKnownFileType = sourcecode.swift; path = ContentView.swift; sourceTree = "<group>"; };
		C0282813275ECAB500AB080F /* Assets.xcassets */ = {isa = PBXFileReference; lastKnownFileType = folder.assetcatalog; path = Assets.xcassets; sourceTree = "<group>"; };
		C0282816275ECAB500AB080F /* Preview Assets.xcassets */ = {isa = PBXFileReference; lastKnownFileType = folder.assetcatalog; path = "Preview Assets.xcassets"; sourceTree = "<group>"; };
		C028281D275ECB1000AB080F /* PostDetailsView.swift */ = {isa = PBXFileReference; lastKnownFileType = sourcecode.swift; path = PostDetailsView.swift; sourceTree = "<group>"; };
		C0282820275ECB2C00AB080F /* CategoryView.swift */ = {isa = PBXFileReference; lastKnownFileType = sourcecode.swift; path = CategoryView.swift; sourceTree = "<group>"; };
		C0282822275ECB3900AB080F /* ColorExtension.swift */ = {isa = PBXFileReference; lastKnownFileType = sourcecode.swift; path = ColorExtension.swift; sourceTree = "<group>"; };
		C0282824275ECB4600AB080F /* DataManager.swift */ = {isa = PBXFileReference; lastKnownFileType = sourcecode.swift; path = DataManager.swift; sourceTree = "<group>"; };
		C0282827275ECB6000AB080F /* FormProfileRegView.swift */ = {isa = PBXFileReference; lastKnownFileType = sourcecode.swift; path = FormProfileRegView.swift; sourceTree = "<group>"; };
		C0282829275ECB6D00AB080F /* MyPostsView.swift */ = {isa = PBXFileReference; lastKnownFileType = sourcecode.swift; path = MyPostsView.swift; sourceTree = "<group>"; };
		C028282B275ECB7E00AB080F /* ProfileView.swift */ = {isa = PBXFileReference; lastKnownFileType = sourcecode.swift; path = ProfileView.swift; sourceTree = "<group>"; };
		C028282D275ECB8C00AB080F /* SignInWithAppleView.swift */ = {isa = PBXFileReference; lastKnownFileType = sourcecode.swift; path = SignInWithAppleView.swift; sourceTree = "<group>"; };
		C0282830275ECBAE00AB080F /* FormPostView.swift */ = {isa = PBXFileReference; lastKnownFileType = sourcecode.swift; path = FormPostView.swift; sourceTree = "<group>"; };
		C0282835275ECBC600AB080F /* CategoryItem.swift */ = {isa = PBXFileReference; lastKnownFileType = sourcecode.swift; path = CategoryItem.swift; sourceTree = "<group>"; };
		C0282837275ECBD200AB080F /* ItemCard.swift */ = {isa = PBXFileReference; lastKnownFileType = sourcecode.swift; path = ItemCard.swift; sourceTree = "<group>"; };
		C0282839275ECBDF00AB080F /* PostCard.swift */ = {isa = PBXFileReference; lastKnownFileType = sourcecode.swift; path = PostCard.swift; sourceTree = "<group>"; };
		C0EAB6D6275FE553001E869B /* Item.swift */ = {isa = PBXFileReference; lastKnownFileType = sourcecode.swift; path = Item.swift; sourceTree = "<group>"; };
		C87D136E27612028008C1477 /* CategorySearch.swift */ = {isa = PBXFileReference; lastKnownFileType = sourcecode.swift; path = CategorySearch.swift; sourceTree = "<group>"; };
/* End PBXFileReference section */

/* Begin PBXFrameworksBuildPhase section */
		C0282809275ECAB400AB080F /* Frameworks */ = {
			isa = PBXFrameworksBuildPhase;
			buildActionMask = 2147483647;
			files = (
			);
			runOnlyForDeploymentPostprocessing = 0;
		};
/* End PBXFrameworksBuildPhase section */

/* Begin PBXGroup section */
		C0282803275ECAB400AB080F = {
			isa = PBXGroup;
			children = (
				C028280E275ECAB400AB080F /* Project P */,
				C028280D275ECAB400AB080F /* Products */,
			);
			sourceTree = "<group>";
		};
		C028280D275ECAB400AB080F /* Products */ = {
			isa = PBXGroup;
			children = (
				C028280C275ECAB400AB080F /* Helpets.app */,
			);
			name = Products;
			sourceTree = "<group>";
		};
		C028280E275ECAB400AB080F /* Project P */ = {
			isa = PBXGroup;
			children = (
				C0EAB6D8275FE5D5001E869B /* Structs */,
				C0282834275ECBBD00AB080F /* Components */,
				C028282F275ECBA000AB080F /* PostForm */,
				C0282826275ECB5100AB080F /* Profile */,
				C028281F275ECB1A00AB080F /* Utils */,
				C0282811275ECAB400AB080F /* ContentView.swift */,
				C028281D275ECB1000AB080F /* PostDetailsView.swift */,
				C028280F275ECAB400AB080F /* HelpetsApp.swift */,
				C87D136E27612028008C1477 /* CategorySearch.swift */,
				C0282813275ECAB500AB080F /* Assets.xcassets */,
				C0282815275ECAB500AB080F /* Preview Content */,
			);
			path = "Project P";
			sourceTree = "<group>";
		};
		C0282815275ECAB500AB080F /* Preview Content */ = {
			isa = PBXGroup;
			children = (
				C0282816275ECAB500AB080F /* Preview Assets.xcassets */,
			);
			path = "Preview Content";
			sourceTree = "<group>";
		};
		C028281F275ECB1A00AB080F /* Utils */ = {
			isa = PBXGroup;
			children = (
				C0282820275ECB2C00AB080F /* CategoryView.swift */,
				C0282822275ECB3900AB080F /* ColorExtension.swift */,
				C0282824275ECB4600AB080F /* DataManager.swift */,
			);
			path = Utils;
			sourceTree = "<group>";
		};
		C0282826275ECB5100AB080F /* Profile */ = {
			isa = PBXGroup;
			children = (
				C0282829275ECB6D00AB080F /* MyPostsView.swift */,
				C028282B275ECB7E00AB080F /* ProfileView.swift */,
				C028282D275ECB8C00AB080F /* SignInWithAppleView.swift */,
				C0282827275ECB6000AB080F /* FormProfileRegView.swift */,
			);
			path = Profile;
			sourceTree = "<group>";
		};
		C028282F275ECBA000AB080F /* PostForm */ = {
			isa = PBXGroup;
			children = (
				C0282830275ECBAE00AB080F /* FormPostView.swift */,
			);
			path = PostForm;
			sourceTree = "<group>";
		};
		C0282834275ECBBD00AB080F /* Components */ = {
			isa = PBXGroup;
			children = (
				C0282835275ECBC600AB080F /* CategoryItem.swift */,
				C0282837275ECBD200AB080F /* ItemCard.swift */,
				C0282839275ECBDF00AB080F /* PostCard.swift */,
			);
			path = Components;
			sourceTree = "<group>";
		};
		C0EAB6D8275FE5D5001E869B /* Structs */ = {
			isa = PBXGroup;
			children = (
				C0146040275FDE7C003B8F36 /* User.swift */,
				C014603E275FDE36003B8F36 /* PetPost.swift */,
				C0EAB6D6275FE553001E869B /* Item.swift */,
			);
			path = Structs;
			sourceTree = "<group>";
		};
/* End PBXGroup section */

/* Begin PBXNativeTarget section */
		C028280B275ECAB400AB080F /* Helpets */ = {
			isa = PBXNativeTarget;
			buildConfigurationList = C028281A275ECAB500AB080F /* Build configuration list for PBXNativeTarget "Helpets" */;
			buildPhases = (
				C0282808275ECAB400AB080F /* Sources */,
				C0282809275ECAB400AB080F /* Frameworks */,
				C028280A275ECAB400AB080F /* Resources */,
			);
			buildRules = (
			);
			dependencies = (
			);
			name = Helpets;
			productName = Helpets;
			productReference = C028280C275ECAB400AB080F /* Helpets.app */;
			productType = "com.apple.product-type.application";
		};
/* End PBXNativeTarget section */

/* Begin PBXProject section */
		C0282804275ECAB400AB080F /* Project object */ = {
			isa = PBXProject;
			attributes = {
				BuildIndependentTargetsInParallel = 1;
				LastSwiftUpdateCheck = 1310;
				LastUpgradeCheck = 1310;
				TargetAttributes = {
					C028280B275ECAB400AB080F = {
						CreatedOnToolsVersion = 13.1;
					};
				};
			};
			buildConfigurationList = C0282807275ECAB400AB080F /* Build configuration list for PBXProject "Project P" */;
			compatibilityVersion = "Xcode 13.0";
			developmentRegion = en;
			hasScannedForEncodings = 0;
			knownRegions = (
				en,
				Base,
			);
			mainGroup = C0282803275ECAB400AB080F;
			productRefGroup = C028280D275ECAB400AB080F /* Products */;
			projectDirPath = "";
			projectRoot = "";
			targets = (
				C028280B275ECAB400AB080F /* Helpets */,
			);
		};
/* End PBXProject section */

/* Begin PBXResourcesBuildPhase section */
		C028280A275ECAB400AB080F /* Resources */ = {
			isa = PBXResourcesBuildPhase;
			buildActionMask = 2147483647;
			files = (
				C0282817275ECAB500AB080F /* Preview Assets.xcassets in Resources */,
				C0282814275ECAB500AB080F /* Assets.xcassets in Resources */,
			);
			runOnlyForDeploymentPostprocessing = 0;
		};
/* End PBXResourcesBuildPhase section */

/* Begin PBXSourcesBuildPhase section */
		C0282808275ECAB400AB080F /* Sources */ = {
			isa = PBXSourcesBuildPhase;
			buildActionMask = 2147483647;
			files = (
				C028282E275ECB8C00AB080F /* SignInWithAppleView.swift in Sources */,
				C028281E275ECB1000AB080F /* PostDetailsView.swift in Sources */,
				C0282831275ECBAE00AB080F /* FormPostView.swift in Sources */,
				C028282C275ECB7E00AB080F /* ProfileView.swift in Sources */,
				C028283A275ECBDF00AB080F /* PostCard.swift in Sources */,
				C0282825275ECB4600AB080F /* DataManager.swift in Sources */,
				C0282812275ECAB400AB080F /* ContentView.swift in Sources */,
				C0146041275FDE7C003B8F36 /* User.swift in Sources */,
				C014603F275FDE36003B8F36 /* PetPost.swift in Sources */,
				C0282821275ECB2C00AB080F /* CategoryView.swift in Sources */,
				C0EAB6D7275FE553001E869B /* Item.swift in Sources */,
				C0282836275ECBC600AB080F /* CategoryItem.swift in Sources */,
				C0282828275ECB6000AB080F /* FormProfileRegView.swift in Sources */,
				C0282838275ECBD200AB080F /* ItemCard.swift in Sources */,
				C0282810275ECAB400AB080F /* HelpetsApp.swift in Sources */,
				C028282A275ECB6D00AB080F /* MyPostsView.swift in Sources */,
				C87D136F27612028008C1477 /* CategorySearch.swift in Sources */,
				C0282823275ECB3900AB080F /* ColorExtension.swift in Sources */,
			);
			runOnlyForDeploymentPostprocessing = 0;
		};
/* End PBXSourcesBuildPhase section */

/* Begin XCBuildConfiguration section */
		C0282818275ECAB500AB080F /* Debug */ = {
			isa = XCBuildConfiguration;
			buildSettings = {
				ALWAYS_SEARCH_USER_PATHS = NO;
				CLANG_ANALYZER_NONNULL = YES;
				CLANG_ANALYZER_NUMBER_OBJECT_CONVERSION = YES_AGGRESSIVE;
				CLANG_CXX_LANGUAGE_STANDARD = "gnu++17";
				CLANG_CXX_LIBRARY = "libc++";
				CLANG_ENABLE_MODULES = YES;
				CLANG_ENABLE_OBJC_ARC = YES;
				CLANG_ENABLE_OBJC_WEAK = YES;
				CLANG_WARN_BLOCK_CAPTURE_AUTORELEASING = YES;
				CLANG_WARN_BOOL_CONVERSION = YES;
				CLANG_WARN_COMMA = YES;
				CLANG_WARN_CONSTANT_CONVERSION = YES;
				CLANG_WARN_DEPRECATED_OBJC_IMPLEMENTATIONS = YES;
				CLANG_WARN_DIRECT_OBJC_ISA_USAGE = YES_ERROR;
				CLANG_WARN_DOCUMENTATION_COMMENTS = YES;
				CLANG_WARN_EMPTY_BODY = YES;
				CLANG_WARN_ENUM_CONVERSION = YES;
				CLANG_WARN_INFINITE_RECURSION = YES;
				CLANG_WARN_INT_CONVERSION = YES;
				CLANG_WARN_NON_LITERAL_NULL_CONVERSION = YES;
				CLANG_WARN_OBJC_IMPLICIT_RETAIN_SELF = YES;
				CLANG_WARN_OBJC_LITERAL_CONVERSION = YES;
				CLANG_WARN_OBJC_ROOT_CLASS = YES_ERROR;
				CLANG_WARN_QUOTED_INCLUDE_IN_FRAMEWORK_HEADER = YES;
				CLANG_WARN_RANGE_LOOP_ANALYSIS = YES;
				CLANG_WARN_STRICT_PROTOTYPES = YES;
				CLANG_WARN_SUSPICIOUS_MOVE = YES;
				CLANG_WARN_UNGUARDED_AVAILABILITY = YES_AGGRESSIVE;
				CLANG_WARN_UNREACHABLE_CODE = YES;
				CLANG_WARN__DUPLICATE_METHOD_MATCH = YES;
				COPY_PHASE_STRIP = NO;
				DEBUG_INFORMATION_FORMAT = dwarf;
				ENABLE_STRICT_OBJC_MSGSEND = YES;
				ENABLE_TESTABILITY = YES;
				GCC_C_LANGUAGE_STANDARD = gnu11;
				GCC_DYNAMIC_NO_PIC = NO;
				GCC_NO_COMMON_BLOCKS = YES;
				GCC_OPTIMIZATION_LEVEL = 0;
				GCC_PREPROCESSOR_DEFINITIONS = (
					"DEBUG=1",
					"$(inherited)",
				);
				GCC_WARN_64_TO_32_BIT_CONVERSION = YES;
				GCC_WARN_ABOUT_RETURN_TYPE = YES_ERROR;
				GCC_WARN_UNDECLARED_SELECTOR = YES;
				GCC_WARN_UNINITIALIZED_AUTOS = YES_AGGRESSIVE;
				GCC_WARN_UNUSED_FUNCTION = YES;
				GCC_WARN_UNUSED_VARIABLE = YES;
				IPHONEOS_DEPLOYMENT_TARGET = 15.0;
				MTL_ENABLE_DEBUG_INFO = INCLUDE_SOURCE;
				MTL_FAST_MATH = YES;
				ONLY_ACTIVE_ARCH = YES;
				SDKROOT = iphoneos;
				SWIFT_ACTIVE_COMPILATION_CONDITIONS = DEBUG;
				SWIFT_OPTIMIZATION_LEVEL = "-Onone";
			};
			name = Debug;
		};
		C0282819275ECAB500AB080F /* Release */ = {
			isa = XCBuildConfiguration;
			buildSettings = {
				ALWAYS_SEARCH_USER_PATHS = NO;
				CLANG_ANALYZER_NONNULL = YES;
				CLANG_ANALYZER_NUMBER_OBJECT_CONVERSION = YES_AGGRESSIVE;
				CLANG_CXX_LANGUAGE_STANDARD = "gnu++17";
				CLANG_CXX_LIBRARY = "libc++";
				CLANG_ENABLE_MODULES = YES;
				CLANG_ENABLE_OBJC_ARC = YES;
				CLANG_ENABLE_OBJC_WEAK = YES;
				CLANG_WARN_BLOCK_CAPTURE_AUTORELEASING = YES;
				CLANG_WARN_BOOL_CONVERSION = YES;
				CLANG_WARN_COMMA = YES;
				CLANG_WARN_CONSTANT_CONVERSION = YES;
				CLANG_WARN_DEPRECATED_OBJC_IMPLEMENTATIONS = YES;
				CLANG_WARN_DIRECT_OBJC_ISA_USAGE = YES_ERROR;
				CLANG_WARN_DOCUMENTATION_COMMENTS = YES;
				CLANG_WARN_EMPTY_BODY = YES;
				CLANG_WARN_ENUM_CONVERSION = YES;
				CLANG_WARN_INFINITE_RECURSION = YES;
				CLANG_WARN_INT_CONVERSION = YES;
				CLANG_WARN_NON_LITERAL_NULL_CONVERSION = YES;
				CLANG_WARN_OBJC_IMPLICIT_RETAIN_SELF = YES;
				CLANG_WARN_OBJC_LITERAL_CONVERSION = YES;
				CLANG_WARN_OBJC_ROOT_CLASS = YES_ERROR;
				CLANG_WARN_QUOTED_INCLUDE_IN_FRAMEWORK_HEADER = YES;
				CLANG_WARN_RANGE_LOOP_ANALYSIS = YES;
				CLANG_WARN_STRICT_PROTOTYPES = YES;
				CLANG_WARN_SUSPICIOUS_MOVE = YES;
				CLANG_WARN_UNGUARDED_AVAILABILITY = YES_AGGRESSIVE;
				CLANG_WARN_UNREACHABLE_CODE = YES;
				CLANG_WARN__DUPLICATE_METHOD_MATCH = YES;
				COPY_PHASE_STRIP = NO;
				DEBUG_INFORMATION_FORMAT = "dwarf-with-dsym";
				ENABLE_NS_ASSERTIONS = NO;
				ENABLE_STRICT_OBJC_MSGSEND = YES;
				GCC_C_LANGUAGE_STANDARD = gnu11;
				GCC_NO_COMMON_BLOCKS = YES;
				GCC_WARN_64_TO_32_BIT_CONVERSION = YES;
				GCC_WARN_ABOUT_RETURN_TYPE = YES_ERROR;
				GCC_WARN_UNDECLARED_SELECTOR = YES;
				GCC_WARN_UNINITIALIZED_AUTOS = YES_AGGRESSIVE;
				GCC_WARN_UNUSED_FUNCTION = YES;
				GCC_WARN_UNUSED_VARIABLE = YES;
				IPHONEOS_DEPLOYMENT_TARGET = 15.0;
				MTL_ENABLE_DEBUG_INFO = NO;
				MTL_FAST_MATH = YES;
				SDKROOT = iphoneos;
				SWIFT_COMPILATION_MODE = wholemodule;
				SWIFT_OPTIMIZATION_LEVEL = "-O";
				VALIDATE_PRODUCT = YES;
			};
			name = Release;
		};
		C028281B275ECAB500AB080F /* Debug */ = {
			isa = XCBuildConfiguration;
			buildSettings = {
				ASSETCATALOG_COMPILER_APPICON_NAME = AppIcon;
				ASSETCATALOG_COMPILER_GLOBAL_ACCENT_COLOR_NAME = AccentColor;
				CODE_SIGN_ENTITLEMENTS = Helpets.entitlements;
				CODE_SIGN_STYLE = Automatic;
				CURRENT_PROJECT_VERSION = 1;
				DEVELOPMENT_ASSET_PATHS = "\"Project P/Preview Content\"";
				DEVELOPMENT_TEAM = 87UTUM347S;
				ENABLE_PREVIEWS = YES;
				GENERATE_INFOPLIST_FILE = YES;
				INFOPLIST_KEY_UIApplicationSceneManifest_Generation = YES;
				INFOPLIST_KEY_UIApplicationSupportsIndirectInputEvents = YES;
				INFOPLIST_KEY_UILaunchScreen_Generation = YES;
				INFOPLIST_KEY_UISupportedInterfaceOrientations_iPad = "UIInterfaceOrientationPortrait UIInterfaceOrientationPortraitUpsideDown UIInterfaceOrientationLandscapeLeft UIInterfaceOrientationLandscapeRight";
				INFOPLIST_KEY_UISupportedInterfaceOrientations_iPhone = "UIInterfaceOrientationPortrait UIInterfaceOrientationLandscapeLeft UIInterfaceOrientationLandscapeRight";
				LD_RUNPATH_SEARCH_PATHS = (
					"$(inherited)",
					"@executable_path/Frameworks",
				);
				MARKETING_VERSION = 0.1.0;
				PRODUCT_BUNDLE_IDENTIFIER = com.projectPoi.Helpets;
				PRODUCT_NAME = "$(TARGET_NAME)";
				SWIFT_EMIT_LOC_STRINGS = YES;
				SWIFT_VERSION = 5.0;
				TARGETED_DEVICE_FAMILY = "1,2";
			};
			name = Debug;
		};
		C028281C275ECAB500AB080F /* Release */ = {
			isa = XCBuildConfiguration;
			buildSettings = {
				ASSETCATALOG_COMPILER_APPICON_NAME = AppIcon;
				ASSETCATALOG_COMPILER_GLOBAL_ACCENT_COLOR_NAME = AccentColor;
				CODE_SIGN_ENTITLEMENTS = Helpets.entitlements;
				CODE_SIGN_STYLE = Automatic;
				CURRENT_PROJECT_VERSION = 1;
				DEVELOPMENT_ASSET_PATHS = "\"Project P/Preview Content\"";
				DEVELOPMENT_TEAM = 87UTUM347S;
				ENABLE_PREVIEWS = YES;
				GENERATE_INFOPLIST_FILE = YES;
				INFOPLIST_KEY_UIApplicationSceneManifest_Generation = YES;
				INFOPLIST_KEY_UIApplicationSupportsIndirectInputEvents = YES;
				INFOPLIST_KEY_UILaunchScreen_Generation = YES;
				INFOPLIST_KEY_UISupportedInterfaceOrientations_iPad = "UIInterfaceOrientationPortrait UIInterfaceOrientationPortraitUpsideDown UIInterfaceOrientationLandscapeLeft UIInterfaceOrientationLandscapeRight";
				INFOPLIST_KEY_UISupportedInterfaceOrientations_iPhone = "UIInterfaceOrientationPortrait UIInterfaceOrientationLandscapeLeft UIInterfaceOrientationLandscapeRight";
				LD_RUNPATH_SEARCH_PATHS = (
					"$(inherited)",
					"@executable_path/Frameworks",
				);
				MARKETING_VERSION = 0.1.0;
				PRODUCT_BUNDLE_IDENTIFIER = com.projectPoi.Helpets;
				PRODUCT_NAME = "$(TARGET_NAME)";
				SWIFT_EMIT_LOC_STRINGS = YES;
				SWIFT_VERSION = 5.0;
				TARGETED_DEVICE_FAMILY = "1,2";
			};
			name = Release;
		};
/* End XCBuildConfiguration section */

/* Begin XCConfigurationList section */
		C0282807275ECAB400AB080F /* Build configuration list for PBXProject "Project P" */ = {
			isa = XCConfigurationList;
			buildConfigurations = (
				C0282818275ECAB500AB080F /* Debug */,
				C0282819275ECAB500AB080F /* Release */,
			);
			defaultConfigurationIsVisible = 0;
			defaultConfigurationName = Release;
		};
		C028281A275ECAB500AB080F /* Build configuration list for PBXNativeTarget "Helpets" */ = {
			isa = XCConfigurationList;
			buildConfigurations = (
				C028281B275ECAB500AB080F /* Debug */,
				C028281C275ECAB500AB080F /* Release */,
			);
			defaultConfigurationIsVisible = 0;
			defaultConfigurationName = Release;
		};
/* End XCConfigurationList section */
	};
	rootObject = C0282804275ECAB400AB080F /* Project object */;
}
