// !$*UTF8*$!
{
	archiveVersion = 1;
	classes = {
	};
	objectVersion = 55;
	objects = {

/* Begin PBXBuildFile section */
		A63CAA73276A37BE00E54D88 /* MiaujudaClipApp.swift in Sources */ = {isa = PBXBuildFile; fileRef = A63CAA72276A37BE00E54D88 /* MiaujudaClipApp.swift */; };
		A63CAA77276A37C000E54D88 /* Assets.xcassets in Resources */ = {isa = PBXBuildFile; fileRef = A63CAA76276A37C000E54D88 /* Assets.xcassets */; };
		A63CAA7A276A37C000E54D88 /* Preview Assets.xcassets in Resources */ = {isa = PBXBuildFile; fileRef = A63CAA79276A37C000E54D88 /* Preview Assets.xcassets */; };
		A63CAA7F276A37C000E54D88 /* MiaujudaClip.app in Embed App Clips */ = {isa = PBXBuildFile; fileRef = A63CAA70276A37BE00E54D88 /* MiaujudaClip.app */; settings = {ATTRIBUTES = (RemoveHeadersOnCopy, ); }; };
		A63CAA85276A383900E54D88 /* MainClip.swift in Sources */ = {isa = PBXBuildFile; fileRef = A63CAA84276A383900E54D88 /* MainClip.swift */; };
		A63CAA86276A3A3A00E54D88 /* PostsGrid.swift in Sources */ = {isa = PBXBuildFile; fileRef = C87D137027627854008C1477 /* PostsGrid.swift */; };
		A63CAA87276A3A4300E54D88 /* PetPost.swift in Sources */ = {isa = PBXBuildFile; fileRef = C014603E275FDE36003B8F36 /* PetPost.swift */; };
		A63CAA88276A3A8100E54D88 /* PostViewModel.swift in Sources */ = {isa = PBXBuildFile; fileRef = C08456DC2767F5EE00E9F1FA /* PostViewModel.swift */; };
		A63CAA89276A3AFF00E54D88 /* PostDetailsView.swift in Sources */ = {isa = PBXBuildFile; fileRef = C028281D275ECB1000AB080F /* PostDetailsView.swift */; };
		A63CAA8A276A3B0800E54D88 /* PostCard.swift in Sources */ = {isa = PBXBuildFile; fileRef = C0282839275ECBDF00AB080F /* PostCard.swift */; };
		A63CAA8B276A3B3300E54D88 /* ServerService.swift in Sources */ = {isa = PBXBuildFile; fileRef = C0282824275ECB4600AB080F /* ServerService.swift */; };
		A63CAA8C276A3B3F00E54D88 /* User.swift in Sources */ = {isa = PBXBuildFile; fileRef = C0146040275FDE7C003B8F36 /* User.swift */; };
		A63CAA8D276A3B5300E54D88 /* ColorExtension.swift in Sources */ = {isa = PBXBuildFile; fileRef = C0282822275ECB3900AB080F /* ColorExtension.swift */; };
		A63CAA8F276A3B8200E54D88 /* ItemCard.swift in Sources */ = {isa = PBXBuildFile; fileRef = C0282837275ECBD200AB080F /* ItemCard.swift */; };
		A63CAA90276A3BB900E54D88 /* UrlRoute.swift in Sources */ = {isa = PBXBuildFile; fileRef = C07D34D327690F9B0040BF71 /* UrlRoute.swift */; };
		A63CAA91276A3BE100E54D88 /* ItemCategory.swift in Sources */ = {isa = PBXBuildFile; fileRef = C07D34CF2768F6A70040BF71 /* ItemCategory.swift */; };
		A64CA55727692CAB0018057A /* PostViewModel.swift in Sources */ = {isa = PBXBuildFile; fileRef = C08456DC2767F5EE00E9F1FA /* PostViewModel.swift */; };
		A64CA55827692CAE0018057A /* UserFetcher.swift in Sources */ = {isa = PBXBuildFile; fileRef = C8EECD3627690CC6009C60A0 /* UserFetcher.swift */; };
		A64CA55927692CB30018057A /* MainView.swift in Sources */ = {isa = PBXBuildFile; fileRef = C0282811275ECAB400AB080F /* MainView.swift */; };
		A64CA55A27692CBB0018057A /* User.swift in Sources */ = {isa = PBXBuildFile; fileRef = C0146040275FDE7C003B8F36 /* User.swift */; };
		A64CA55B27692CBF0018057A /* PetPost.swift in Sources */ = {isa = PBXBuildFile; fileRef = C014603E275FDE36003B8F36 /* PetPost.swift */; };
		A64CA55C27692CC10018057A /* CategoryItem.swift in Sources */ = {isa = PBXBuildFile; fileRef = C0282835275ECBC600AB080F /* CategoryItem.swift */; };
		A64CA55D27692CC40018057A /* ItemCard.swift in Sources */ = {isa = PBXBuildFile; fileRef = C0282837275ECBD200AB080F /* ItemCard.swift */; };
		A64CA55E27692CC70018057A /* PostCard.swift in Sources */ = {isa = PBXBuildFile; fileRef = C0282839275ECBDF00AB080F /* PostCard.swift */; };
		A64CA55F27692CCB0018057A /* PostDetailsView.swift in Sources */ = {isa = PBXBuildFile; fileRef = C028281D275ECB1000AB080F /* PostDetailsView.swift */; };
		A64CA56027692CCE0018057A /* PostsGrid.swift in Sources */ = {isa = PBXBuildFile; fileRef = C87D137027627854008C1477 /* PostsGrid.swift */; };
		A64CA56127692CD10018057A /* FormPostView.swift in Sources */ = {isa = PBXBuildFile; fileRef = C0282830275ECBAE00AB080F /* FormPostView.swift */; };
		A64CA56227692CD40018057A /* MyPostsView.swift in Sources */ = {isa = PBXBuildFile; fileRef = C0282829275ECB6D00AB080F /* MyPostsView.swift */; };
		A64CA56327692CD70018057A /* ProfileView.swift in Sources */ = {isa = PBXBuildFile; fileRef = C028282B275ECB7E00AB080F /* ProfileView.swift */; };
		A64CA56427692CDA0018057A /* SignInWithAppleView.swift in Sources */ = {isa = PBXBuildFile; fileRef = C028282D275ECB8C00AB080F /* SignInWithAppleView.swift */; };
		A64CA56527692CDD0018057A /* FormProfileRegView.swift in Sources */ = {isa = PBXBuildFile; fileRef = C0282827275ECB6000AB080F /* FormProfileRegView.swift */; };
		A64CA56627692CE00018057A /* ServerService.swift in Sources */ = {isa = PBXBuildFile; fileRef = C0282824275ECB4600AB080F /* ServerService.swift */; };
		A64CA56727692CE40018057A /* ColorExtension.swift in Sources */ = {isa = PBXBuildFile; fileRef = C0282822275ECB3900AB080F /* ColorExtension.swift */; };
		A64CA56827692CE70018057A /* ItemCategory.swift in Sources */ = {isa = PBXBuildFile; fileRef = C07D34CF2768F6A70040BF71 /* ItemCategory.swift */; };
		A64CA56927692CEA0018057A /* UrlRoute.swift in Sources */ = {isa = PBXBuildFile; fileRef = C07D34D327690F9B0040BF71 /* UrlRoute.swift */; };
		A64CA56A27692CED0018057A /* CategoryView.swift in Sources */ = {isa = PBXBuildFile; fileRef = C0282820275ECB2C00AB080F /* CategoryView.swift */; };
		A64CA56B27692CF10018057A /* CategorySearch.swift in Sources */ = {isa = PBXBuildFile; fileRef = C87D136E27612028008C1477 /* CategorySearch.swift */; };
		A64CA56C27692D310018057A /* MiaujudaApp.swift in Sources */ = {isa = PBXBuildFile; fileRef = C028280F275ECAB400AB080F /* MiaujudaApp.swift */; };
		A64CA56D27692D370018057A /* Assets.xcassets in Resources */ = {isa = PBXBuildFile; fileRef = C0282813275ECAB500AB080F /* Assets.xcassets */; };
		A64CA56E27692D3C0018057A /* Preview Assets.xcassets in Resources */ = {isa = PBXBuildFile; fileRef = C0282816275ECAB500AB080F /* Preview Assets.xcassets */; };
		A654BD44276A560000FF6764 /* WidgetKit.framework in Frameworks */ = {isa = PBXBuildFile; fileRef = A654BD43276A560000FF6764 /* WidgetKit.framework */; };
		A654BD46276A560100FF6764 /* SwiftUI.framework in Frameworks */ = {isa = PBXBuildFile; fileRef = A654BD45276A560000FF6764 /* SwiftUI.framework */; };
		A654BD49276A560100FF6764 /* MiaujudaWidget.swift in Sources */ = {isa = PBXBuildFile; fileRef = A654BD48276A560100FF6764 /* MiaujudaWidget.swift */; };
		A654BD4B276A560200FF6764 /* Assets.xcassets in Resources */ = {isa = PBXBuildFile; fileRef = A654BD4A276A560200FF6764 /* Assets.xcassets */; };
		A654BD4F276A560200FF6764 /* MiaujudaWidgetExtension.appex in Embed App Extensions */ = {isa = PBXBuildFile; fileRef = A654BD41276A560000FF6764 /* MiaujudaWidgetExtension.appex */; settings = {ATTRIBUTES = (RemoveHeadersOnCopy, ); }; };
		A654BD54276A576000FF6764 /* PetPost.swift in Sources */ = {isa = PBXBuildFile; fileRef = C014603E275FDE36003B8F36 /* PetPost.swift */; };
		A654BD55276A58C400FF6764 /* ServerService.swift in Sources */ = {isa = PBXBuildFile; fileRef = C0282824275ECB4600AB080F /* ServerService.swift */; };
		A654BD56276A5A5900FF6764 /* ColorExtension.swift in Sources */ = {isa = PBXBuildFile; fileRef = C0282822275ECB3900AB080F /* ColorExtension.swift */; };
		A654BD57276A5A5D00FF6764 /* User.swift in Sources */ = {isa = PBXBuildFile; fileRef = C0146040275FDE7C003B8F36 /* User.swift */; };
		A654BD58276A5CBC00FF6764 /* UrlRoute.swift in Sources */ = {isa = PBXBuildFile; fileRef = C07D34D327690F9B0040BF71 /* UrlRoute.swift */; };
		C0A81641276A77EC007BF82C /* PetPostAndUser.swift in Sources */ = {isa = PBXBuildFile; fileRef = C0A81640276A77EC007BF82C /* PetPostAndUser.swift */; };
		C0A81642276A7847007BF82C /* PetPostAndUser.swift in Sources */ = {isa = PBXBuildFile; fileRef = C0A81640276A77EC007BF82C /* PetPostAndUser.swift */; };
		C0A81643276A7882007BF82C /* PetPostAndUser.swift in Sources */ = {isa = PBXBuildFile; fileRef = C0A81640276A77EC007BF82C /* PetPostAndUser.swift */; };
		C0A81645276A7C13007BF82C /* PostItem.swift in Sources */ = {isa = PBXBuildFile; fileRef = C0A81644276A7C13007BF82C /* PostItem.swift */; };
		C0A81646276A7C20007BF82C /* PostItem.swift in Sources */ = {isa = PBXBuildFile; fileRef = C0A81644276A7C13007BF82C /* PostItem.swift */; };
		C0D58C2E276AAC2B0097D7C1 /* PetPostStatus.swift in Sources */ = {isa = PBXBuildFile; fileRef = C0EF2532276A269300AB4A93 /* PetPostStatus.swift */; };
		C0D58C32276B95870097D7C1 /* PetPostStatus.swift in Sources */ = {isa = PBXBuildFile; fileRef = C0EF2532276A269300AB4A93 /* PetPostStatus.swift */; };
		C0EF2533276A269300AB4A93 /* PetPostStatus.swift in Sources */ = {isa = PBXBuildFile; fileRef = C0EF2532276A269300AB4A93 /* PetPostStatus.swift */; };
		C8EECD3B276BA9E6009C60A0 /* DateFormat.swift in Sources */ = {isa = PBXBuildFile; fileRef = C8EECD3A276BA9E6009C60A0 /* DateFormat.swift */; };
		C8EECD3C276BACD8009C60A0 /* DateFormat.swift in Sources */ = {isa = PBXBuildFile; fileRef = C8EECD3A276BA9E6009C60A0 /* DateFormat.swift */; };
		C8EECD3D276BACD8009C60A0 /* DateFormat.swift in Sources */ = {isa = PBXBuildFile; fileRef = C8EECD3A276BA9E6009C60A0 /* DateFormat.swift */; };
/* End PBXBuildFile section */

/* Begin PBXContainerItemProxy section */
		A63CAA7D276A37C000E54D88 /* PBXContainerItemProxy */ = {
			isa = PBXContainerItemProxy;
			containerPortal = C0282804275ECAB400AB080F /* Project object */;
			proxyType = 1;
			remoteGlobalIDString = A63CAA6F276A37BE00E54D88;
			remoteInfo = MiaujudaClip;
		};
		A654BD4D276A560200FF6764 /* PBXContainerItemProxy */ = {
			isa = PBXContainerItemProxy;
			containerPortal = C0282804275ECAB400AB080F /* Project object */;
			proxyType = 1;
			remoteGlobalIDString = A654BD40276A560000FF6764;
			remoteInfo = MiaujudaWidgetExtension;
		};
/* End PBXContainerItemProxy section */

/* Begin PBXCopyFilesBuildPhase section */
		A63CAA83276A37C000E54D88 /* Embed App Clips */ = {
			isa = PBXCopyFilesBuildPhase;
			buildActionMask = 2147483647;
			dstPath = "$(CONTENTS_FOLDER_PATH)/AppClips";
			dstSubfolderSpec = 16;
			files = (
				A63CAA7F276A37C000E54D88 /* MiaujudaClip.app in Embed App Clips */,
			);
			name = "Embed App Clips";
			runOnlyForDeploymentPostprocessing = 0;
		};
		A654BD50276A560200FF6764 /* Embed App Extensions */ = {
			isa = PBXCopyFilesBuildPhase;
			buildActionMask = 2147483647;
			dstPath = "";
			dstSubfolderSpec = 13;
			files = (
				A654BD4F276A560200FF6764 /* MiaujudaWidgetExtension.appex in Embed App Extensions */,
			);
			name = "Embed App Extensions";
			runOnlyForDeploymentPostprocessing = 0;
		};
/* End PBXCopyFilesBuildPhase section */

/* Begin PBXFileReference section */
		A63CAA70276A37BE00E54D88 /* MiaujudaClip.app */ = {isa = PBXFileReference; explicitFileType = wrapper.application; includeInIndex = 0; path = MiaujudaClip.app; sourceTree = BUILT_PRODUCTS_DIR; };
		A63CAA72276A37BE00E54D88 /* MiaujudaClipApp.swift */ = {isa = PBXFileReference; lastKnownFileType = sourcecode.swift; path = MiaujudaClipApp.swift; sourceTree = "<group>"; };
		A63CAA76276A37C000E54D88 /* Assets.xcassets */ = {isa = PBXFileReference; lastKnownFileType = folder.assetcatalog; path = Assets.xcassets; sourceTree = "<group>"; };
		A63CAA79276A37C000E54D88 /* Preview Assets.xcassets */ = {isa = PBXFileReference; lastKnownFileType = folder.assetcatalog; path = "Preview Assets.xcassets"; sourceTree = "<group>"; };
		A63CAA7B276A37C000E54D88 /* Info.plist */ = {isa = PBXFileReference; lastKnownFileType = text.plist.xml; path = Info.plist; sourceTree = "<group>"; };
		A63CAA7C276A37C000E54D88 /* MiaujudaClip.entitlements */ = {isa = PBXFileReference; lastKnownFileType = text.plist.entitlements; path = MiaujudaClip.entitlements; sourceTree = "<group>"; };
		A63CAA84276A383900E54D88 /* MainClip.swift */ = {isa = PBXFileReference; lastKnownFileType = sourcecode.swift; path = MainClip.swift; sourceTree = "<group>"; };
		A64CA54927692C870018057A /* Miaujuda.app */ = {isa = PBXFileReference; explicitFileType = wrapper.application; includeInIndex = 0; path = Miaujuda.app; sourceTree = BUILT_PRODUCTS_DIR; };
		A654BD41276A560000FF6764 /* MiaujudaWidgetExtension.appex */ = {isa = PBXFileReference; explicitFileType = "wrapper.app-extension"; includeInIndex = 0; path = MiaujudaWidgetExtension.appex; sourceTree = BUILT_PRODUCTS_DIR; };
		A654BD43276A560000FF6764 /* WidgetKit.framework */ = {isa = PBXFileReference; lastKnownFileType = wrapper.framework; name = WidgetKit.framework; path = System/Library/Frameworks/WidgetKit.framework; sourceTree = SDKROOT; };
		A654BD45276A560000FF6764 /* SwiftUI.framework */ = {isa = PBXFileReference; lastKnownFileType = wrapper.framework; name = SwiftUI.framework; path = System/Library/Frameworks/SwiftUI.framework; sourceTree = SDKROOT; };
		A654BD48276A560100FF6764 /* MiaujudaWidget.swift */ = {isa = PBXFileReference; lastKnownFileType = sourcecode.swift; path = MiaujudaWidget.swift; sourceTree = "<group>"; };
		A654BD4A276A560200FF6764 /* Assets.xcassets */ = {isa = PBXFileReference; lastKnownFileType = folder.assetcatalog; path = Assets.xcassets; sourceTree = "<group>"; };
		A654BD4C276A560200FF6764 /* Info.plist */ = {isa = PBXFileReference; lastKnownFileType = text.plist.xml; path = Info.plist; sourceTree = "<group>"; };
		C014603E275FDE36003B8F36 /* PetPost.swift */ = {isa = PBXFileReference; lastKnownFileType = sourcecode.swift; path = PetPost.swift; sourceTree = "<group>"; };
		C0146040275FDE7C003B8F36 /* User.swift */ = {isa = PBXFileReference; lastKnownFileType = sourcecode.swift; path = User.swift; sourceTree = "<group>"; };
		C01F07632769350800AB0552 /* Miaujuda.entitlements */ = {isa = PBXFileReference; lastKnownFileType = text.plist.entitlements; path = Miaujuda.entitlements; sourceTree = "<group>"; };
		C028280F275ECAB400AB080F /* MiaujudaApp.swift */ = {isa = PBXFileReference; lastKnownFileType = sourcecode.swift; path = MiaujudaApp.swift; sourceTree = "<group>"; };
		C0282811275ECAB400AB080F /* MainView.swift */ = {isa = PBXFileReference; lastKnownFileType = sourcecode.swift; path = MainView.swift; sourceTree = "<group>"; };
		C0282813275ECAB500AB080F /* Assets.xcassets */ = {isa = PBXFileReference; lastKnownFileType = folder.assetcatalog; path = Assets.xcassets; sourceTree = "<group>"; };
		C0282816275ECAB500AB080F /* Preview Assets.xcassets */ = {isa = PBXFileReference; lastKnownFileType = folder.assetcatalog; path = "Preview Assets.xcassets"; sourceTree = "<group>"; };
		C028281D275ECB1000AB080F /* PostDetailsView.swift */ = {isa = PBXFileReference; lastKnownFileType = sourcecode.swift; path = PostDetailsView.swift; sourceTree = "<group>"; };
		C0282820275ECB2C00AB080F /* CategoryView.swift */ = {isa = PBXFileReference; lastKnownFileType = sourcecode.swift; path = CategoryView.swift; sourceTree = "<group>"; };
		C0282822275ECB3900AB080F /* ColorExtension.swift */ = {isa = PBXFileReference; lastKnownFileType = sourcecode.swift; path = ColorExtension.swift; sourceTree = "<group>"; };
		C0282824275ECB4600AB080F /* ServerService.swift */ = {isa = PBXFileReference; lastKnownFileType = sourcecode.swift; path = ServerService.swift; sourceTree = "<group>"; };
		C0282827275ECB6000AB080F /* FormProfileRegView.swift */ = {isa = PBXFileReference; lastKnownFileType = sourcecode.swift; path = FormProfileRegView.swift; sourceTree = "<group>"; };
		C0282829275ECB6D00AB080F /* MyPostsView.swift */ = {isa = PBXFileReference; lastKnownFileType = sourcecode.swift; path = MyPostsView.swift; sourceTree = "<group>"; };
		C028282B275ECB7E00AB080F /* ProfileView.swift */ = {isa = PBXFileReference; lastKnownFileType = sourcecode.swift; path = ProfileView.swift; sourceTree = "<group>"; };
		C028282D275ECB8C00AB080F /* SignInWithAppleView.swift */ = {isa = PBXFileReference; lastKnownFileType = sourcecode.swift; path = SignInWithAppleView.swift; sourceTree = "<group>"; };
		C0282830275ECBAE00AB080F /* FormPostView.swift */ = {isa = PBXFileReference; lastKnownFileType = sourcecode.swift; path = FormPostView.swift; sourceTree = "<group>"; };
		C0282835275ECBC600AB080F /* CategoryItem.swift */ = {isa = PBXFileReference; lastKnownFileType = sourcecode.swift; path = CategoryItem.swift; sourceTree = "<group>"; };
		C0282837275ECBD200AB080F /* ItemCard.swift */ = {isa = PBXFileReference; lastKnownFileType = sourcecode.swift; path = ItemCard.swift; sourceTree = "<group>"; };
		C0282839275ECBDF00AB080F /* PostCard.swift */ = {isa = PBXFileReference; lastKnownFileType = sourcecode.swift; path = PostCard.swift; sourceTree = "<group>"; };
		C07D34CF2768F6A70040BF71 /* ItemCategory.swift */ = {isa = PBXFileReference; lastKnownFileType = sourcecode.swift; path = ItemCategory.swift; sourceTree = "<group>"; };
		C07D34D327690F9B0040BF71 /* UrlRoute.swift */ = {isa = PBXFileReference; lastKnownFileType = sourcecode.swift; path = UrlRoute.swift; sourceTree = "<group>"; };
		C08456DC2767F5EE00E9F1FA /* PostViewModel.swift */ = {isa = PBXFileReference; lastKnownFileType = sourcecode.swift; path = PostViewModel.swift; sourceTree = "<group>"; };
		C0A81640276A77EC007BF82C /* PetPostAndUser.swift */ = {isa = PBXFileReference; lastKnownFileType = sourcecode.swift; path = PetPostAndUser.swift; sourceTree = "<group>"; };
		C0A81644276A7C13007BF82C /* PostItem.swift */ = {isa = PBXFileReference; lastKnownFileType = sourcecode.swift; path = PostItem.swift; sourceTree = "<group>"; };
		C0EF2532276A269300AB4A93 /* PetPostStatus.swift */ = {isa = PBXFileReference; lastKnownFileType = sourcecode.swift; path = PetPostStatus.swift; sourceTree = "<group>"; };
		C87D136E27612028008C1477 /* CategorySearch.swift */ = {isa = PBXFileReference; lastKnownFileType = sourcecode.swift; path = CategorySearch.swift; sourceTree = "<group>"; };
		C87D137027627854008C1477 /* PostsGrid.swift */ = {isa = PBXFileReference; lastKnownFileType = sourcecode.swift; path = PostsGrid.swift; sourceTree = "<group>"; };
		C8EECD3627690CC6009C60A0 /* UserFetcher.swift */ = {isa = PBXFileReference; lastKnownFileType = sourcecode.swift; path = UserFetcher.swift; sourceTree = "<group>"; };
		C8EECD3A276BA9E6009C60A0 /* DateFormat.swift */ = {isa = PBXFileReference; lastKnownFileType = sourcecode.swift; path = DateFormat.swift; sourceTree = "<group>"; };
/* End PBXFileReference section */

/* Begin PBXFrameworksBuildPhase section */
		A63CAA6D276A37BE00E54D88 /* Frameworks */ = {
			isa = PBXFrameworksBuildPhase;
			buildActionMask = 2147483647;
			files = (
			);
			runOnlyForDeploymentPostprocessing = 0;
		};
		A64CA54627692C870018057A /* Frameworks */ = {
			isa = PBXFrameworksBuildPhase;
			buildActionMask = 2147483647;
			files = (
			);
			runOnlyForDeploymentPostprocessing = 0;
		};
		A654BD3E276A560000FF6764 /* Frameworks */ = {
			isa = PBXFrameworksBuildPhase;
			buildActionMask = 2147483647;
			files = (
				A654BD46276A560100FF6764 /* SwiftUI.framework in Frameworks */,
				A654BD44276A560000FF6764 /* WidgetKit.framework in Frameworks */,
			);
			runOnlyForDeploymentPostprocessing = 0;
		};
/* End PBXFrameworksBuildPhase section */

/* Begin PBXGroup section */
		A63CAA71276A37BE00E54D88 /* MiaujudaClip */ = {
			isa = PBXGroup;
			children = (
				A63CAA72276A37BE00E54D88 /* MiaujudaClipApp.swift */,
				A63CAA84276A383900E54D88 /* MainClip.swift */,
				A63CAA76276A37C000E54D88 /* Assets.xcassets */,
				A63CAA7B276A37C000E54D88 /* Info.plist */,
				A63CAA7C276A37C000E54D88 /* MiaujudaClip.entitlements */,
				A63CAA78276A37C000E54D88 /* Preview Content */,
			);
			path = MiaujudaClip;
			sourceTree = "<group>";
		};
		A63CAA78276A37C000E54D88 /* Preview Content */ = {
			isa = PBXGroup;
			children = (
				A63CAA79276A37C000E54D88 /* Preview Assets.xcassets */,
			);
			path = "Preview Content";
			sourceTree = "<group>";
		};
		A654BD42276A560000FF6764 /* Frameworks */ = {
			isa = PBXGroup;
			children = (
				A654BD43276A560000FF6764 /* WidgetKit.framework */,
				A654BD45276A560000FF6764 /* SwiftUI.framework */,
			);
			name = Frameworks;
			sourceTree = "<group>";
		};
		A654BD47276A560100FF6764 /* MiaujudaWidget */ = {
			isa = PBXGroup;
			children = (
				A654BD48276A560100FF6764 /* MiaujudaWidget.swift */,
				A654BD4A276A560200FF6764 /* Assets.xcassets */,
				A654BD4C276A560200FF6764 /* Info.plist */,
			);
			path = MiaujudaWidget;
			sourceTree = "<group>";
		};
		C0282803275ECAB400AB080F = {
			isa = PBXGroup;
			children = (
				C028280E275ECAB400AB080F /* Miaujuda */,
				A63CAA71276A37BE00E54D88 /* MiaujudaClip */,
				A654BD47276A560100FF6764 /* MiaujudaWidget */,
				A654BD42276A560000FF6764 /* Frameworks */,
				C028280D275ECAB400AB080F /* Products */,
			);
			sourceTree = "<group>";
		};
		C028280D275ECAB400AB080F /* Products */ = {
			isa = PBXGroup;
			children = (
				A64CA54927692C870018057A /* Miaujuda.app */,
				A63CAA70276A37BE00E54D88 /* MiaujudaClip.app */,
				A654BD41276A560000FF6764 /* MiaujudaWidgetExtension.appex */,
			);
			name = Products;
			sourceTree = "<group>";
		};
		C028280E275ECAB400AB080F /* Miaujuda */ = {
			isa = PBXGroup;
			children = (
				C01F07632769350800AB0552 /* Miaujuda.entitlements */,
				C08456DB2767F5DC00E9F1FA /* ViewModel */,
				C0EAB6D8275FE5D5001E869B /* Structs */,
				C0282834275ECBBD00AB080F /* Components */,
				C028282F275ECBA000AB080F /* Post */,
				C0282826275ECB5100AB080F /* Profile */,
				C028281F275ECB1A00AB080F /* Utils */,
				C028280F275ECAB400AB080F /* MiaujudaApp.swift */,
				C0282811275ECAB400AB080F /* MainView.swift */,
				C0282813275ECAB500AB080F /* Assets.xcassets */,
				C0282815275ECAB500AB080F /* Preview Content */,
			);
			path = Miaujuda;
			sourceTree = "<group>";
		};
		C0282815275ECAB500AB080F /* Preview Content */ = {
			isa = PBXGroup;
			children = (
				C0282816275ECAB500AB080F /* Preview Assets.xcassets */,
			);
			path = "Preview Content";
			sourceTree = "<group>";
		};
		C028281F275ECB1A00AB080F /* Utils */ = {
			isa = PBXGroup;
			children = (
				C07D34D6276910000040BF71 /* API */,
				C07D34D527690FBF0040BF71 /* Extensions */,
				C07D34CE2768F6990040BF71 /* Enums */,
				C0282820275ECB2C00AB080F /* CategoryView.swift */,
				C87D136E27612028008C1477 /* CategorySearch.swift */,
			);
			path = Utils;
			sourceTree = "<group>";
		};
		C0282826275ECB5100AB080F /* Profile */ = {
			isa = PBXGroup;
			children = (
				C0282829275ECB6D00AB080F /* MyPostsView.swift */,
				C028282B275ECB7E00AB080F /* ProfileView.swift */,
				C028282D275ECB8C00AB080F /* SignInWithAppleView.swift */,
				C0282827275ECB6000AB080F /* FormProfileRegView.swift */,
			);
			path = Profile;
			sourceTree = "<group>";
		};
		C028282F275ECBA000AB080F /* Post */ = {
			isa = PBXGroup;
			children = (
				C028281D275ECB1000AB080F /* PostDetailsView.swift */,
				C87D137027627854008C1477 /* PostsGrid.swift */,
				C0282830275ECBAE00AB080F /* FormPostView.swift */,
			);
			path = Post;
			sourceTree = "<group>";
		};
		C0282834275ECBBD00AB080F /* Components */ = {
			isa = PBXGroup;
			children = (
				C0282835275ECBC600AB080F /* CategoryItem.swift */,
				C8EECD3A276BA9E6009C60A0 /* DateFormat.swift */,
				C0282837275ECBD200AB080F /* ItemCard.swift */,
				C0282839275ECBDF00AB080F /* PostCard.swift */,
			);
			path = Components;
			sourceTree = "<group>";
		};
		C07D34CE2768F6990040BF71 /* Enums */ = {
			isa = PBXGroup;
			children = (
				C07D34CF2768F6A70040BF71 /* ItemCategory.swift */,
				C07D34D327690F9B0040BF71 /* UrlRoute.swift */,
				C0EF2532276A269300AB4A93 /* PetPostStatus.swift */,
			);
			path = Enums;
			sourceTree = "<group>";
		};
		C07D34D527690FBF0040BF71 /* Extensions */ = {
			isa = PBXGroup;
			children = (
				C0282822275ECB3900AB080F /* ColorExtension.swift */,
			);
			path = Extensions;
			sourceTree = "<group>";
		};
		C07D34D6276910000040BF71 /* API */ = {
			isa = PBXGroup;
			children = (
				C0282824275ECB4600AB080F /* ServerService.swift */,
			);
			path = API;
			sourceTree = "<group>";
		};
		C08456DB2767F5DC00E9F1FA /* ViewModel */ = {
			isa = PBXGroup;
			children = (
				C08456DC2767F5EE00E9F1FA /* PostViewModel.swift */,
				C8EECD3627690CC6009C60A0 /* UserFetcher.swift */,
			);
			path = ViewModel;
			sourceTree = "<group>";
		};
		C0EAB6D8275FE5D5001E869B /* Structs */ = {
			isa = PBXGroup;
			children = (
				C0146040275FDE7C003B8F36 /* User.swift */,
				C014603E275FDE36003B8F36 /* PetPost.swift */,
				C0A81640276A77EC007BF82C /* PetPostAndUser.swift */,
				C0A81644276A7C13007BF82C /* PostItem.swift */,
			);
			path = Structs;
			sourceTree = "<group>";
		};
/* End PBXGroup section */

/* Begin PBXNativeTarget section */
		A63CAA6F276A37BE00E54D88 /* MiaujudaClip */ = {
			isa = PBXNativeTarget;
			buildConfigurationList = A63CAA80276A37C000E54D88 /* Build configuration list for PBXNativeTarget "MiaujudaClip" */;
			buildPhases = (
				A63CAA6C276A37BE00E54D88 /* Sources */,
				A63CAA6D276A37BE00E54D88 /* Frameworks */,
				A63CAA6E276A37BE00E54D88 /* Resources */,
			);
			buildRules = (
			);
			dependencies = (
			);
			name = MiaujudaClip;
			productName = MiaujudaClip;
			productReference = A63CAA70276A37BE00E54D88 /* MiaujudaClip.app */;
			productType = "com.apple.product-type.application.on-demand-install-capable";
		};
		A64CA54827692C870018057A /* Miaujuda */ = {
			isa = PBXNativeTarget;
			buildConfigurationList = A64CA55427692C880018057A /* Build configuration list for PBXNativeTarget "Miaujuda" */;
			buildPhases = (
				A64CA54527692C870018057A /* Sources */,
				A64CA54627692C870018057A /* Frameworks */,
				A64CA54727692C870018057A /* Resources */,
				A63CAA83276A37C000E54D88 /* Embed App Clips */,
				A654BD50276A560200FF6764 /* Embed App Extensions */,
			);
			buildRules = (
			);
			dependencies = (
				A63CAA7E276A37C000E54D88 /* PBXTargetDependency */,
				A654BD4E276A560200FF6764 /* PBXTargetDependency */,
			);
			name = Miaujuda;
			productName = Miaujuda;
			productReference = A64CA54927692C870018057A /* Miaujuda.app */;
			productType = "com.apple.product-type.application";
		};
		A654BD40276A560000FF6764 /* MiaujudaWidgetExtension */ = {
			isa = PBXNativeTarget;
			buildConfigurationList = A654BD53276A560200FF6764 /* Build configuration list for PBXNativeTarget "MiaujudaWidgetExtension" */;
			buildPhases = (
				A654BD3D276A560000FF6764 /* Sources */,
				A654BD3E276A560000FF6764 /* Frameworks */,
				A654BD3F276A560000FF6764 /* Resources */,
			);
			buildRules = (
			);
			dependencies = (
			);
			name = MiaujudaWidgetExtension;
			productName = MiaujudaWidgetExtension;
			productReference = A654BD41276A560000FF6764 /* MiaujudaWidgetExtension.appex */;
			productType = "com.apple.product-type.app-extension";
		};
/* End PBXNativeTarget section */

/* Begin PBXProject section */
		C0282804275ECAB400AB080F /* Project object */ = {
			isa = PBXProject;
			attributes = {
				BuildIndependentTargetsInParallel = 1;
				LastSwiftUpdateCheck = 1300;
				LastUpgradeCheck = 1310;
				TargetAttributes = {
					A63CAA6F276A37BE00E54D88 = {
						CreatedOnToolsVersion = 13.0;
					};
					A64CA54827692C870018057A = {
						CreatedOnToolsVersion = 13.0;
					};
					A654BD40276A560000FF6764 = {
						CreatedOnToolsVersion = 13.0;
					};
				};
			};
			buildConfigurationList = C0282807275ECAB400AB080F /* Build configuration list for PBXProject "Project P" */;
			compatibilityVersion = "Xcode 13.0";
			developmentRegion = en;
			hasScannedForEncodings = 0;
			knownRegions = (
				en,
				Base,
			);
			mainGroup = C0282803275ECAB400AB080F;
			productRefGroup = C028280D275ECAB400AB080F /* Products */;
			projectDirPath = "";
			projectRoot = "";
			targets = (
				A64CA54827692C870018057A /* Miaujuda */,
				A63CAA6F276A37BE00E54D88 /* MiaujudaClip */,
				A654BD40276A560000FF6764 /* MiaujudaWidgetExtension */,
			);
		};
/* End PBXProject section */

/* Begin PBXResourcesBuildPhase section */
		A63CAA6E276A37BE00E54D88 /* Resources */ = {
			isa = PBXResourcesBuildPhase;
			buildActionMask = 2147483647;
			files = (
				A63CAA7A276A37C000E54D88 /* Preview Assets.xcassets in Resources */,
				A63CAA77276A37C000E54D88 /* Assets.xcassets in Resources */,
			);
			runOnlyForDeploymentPostprocessing = 0;
		};
		A64CA54727692C870018057A /* Resources */ = {
			isa = PBXResourcesBuildPhase;
			buildActionMask = 2147483647;
			files = (
				A64CA56E27692D3C0018057A /* Preview Assets.xcassets in Resources */,
				A64CA56D27692D370018057A /* Assets.xcassets in Resources */,
			);
			runOnlyForDeploymentPostprocessing = 0;
		};
		A654BD3F276A560000FF6764 /* Resources */ = {
			isa = PBXResourcesBuildPhase;
			buildActionMask = 2147483647;
			files = (
				A654BD4B276A560200FF6764 /* Assets.xcassets in Resources */,
			);
			runOnlyForDeploymentPostprocessing = 0;
		};
/* End PBXResourcesBuildPhase section */

/* Begin PBXSourcesBuildPhase section */
		A63CAA6C276A37BE00E54D88 /* Sources */ = {
			isa = PBXSourcesBuildPhase;
			buildActionMask = 2147483647;
			files = (
				A63CAA88276A3A8100E54D88 /* PostViewModel.swift in Sources */,
				A63CAA8A276A3B0800E54D88 /* PostCard.swift in Sources */,
				A63CAA89276A3AFF00E54D88 /* PostDetailsView.swift in Sources */,
				A63CAA86276A3A3A00E54D88 /* PostsGrid.swift in Sources */,
				A63CAA85276A383900E54D88 /* MainClip.swift in Sources */,
				C0A81643276A7882007BF82C /* PetPostAndUser.swift in Sources */,
				C8EECD3C276BACD8009C60A0 /* DateFormat.swift in Sources */,
				A63CAA87276A3A4300E54D88 /* PetPost.swift in Sources */,
				A63CAA91276A3BE100E54D88 /* ItemCategory.swift in Sources */,
				A63CAA73276A37BE00E54D88 /* MiaujudaClipApp.swift in Sources */,
				A63CAA8F276A3B8200E54D88 /* ItemCard.swift in Sources */,
				A63CAA8C276A3B3F00E54D88 /* User.swift in Sources */,
				C0D58C2E276AAC2B0097D7C1 /* PetPostStatus.swift in Sources */,
				A63CAA90276A3BB900E54D88 /* UrlRoute.swift in Sources */,
				A63CAA8D276A3B5300E54D88 /* ColorExtension.swift in Sources */,
				C0A81646276A7C20007BF82C /* PostItem.swift in Sources */,
				A63CAA8B276A3B3300E54D88 /* ServerService.swift in Sources */,
			);
			runOnlyForDeploymentPostprocessing = 0;
		};
		A64CA54527692C870018057A /* Sources */ = {
			isa = PBXSourcesBuildPhase;
			buildActionMask = 2147483647;
			files = (
				A64CA55827692CAE0018057A /* UserFetcher.swift in Sources */,
				C0EF2533276A269300AB4A93 /* PetPostStatus.swift in Sources */,
				A64CA56027692CCE0018057A /* PostsGrid.swift in Sources */,
				A64CA55D27692CC40018057A /* ItemCard.swift in Sources */,
				A64CA55727692CAB0018057A /* PostViewModel.swift in Sources */,
				A64CA56B27692CF10018057A /* CategorySearch.swift in Sources */,
				A64CA55C27692CC10018057A /* CategoryItem.swift in Sources */,
				A64CA56427692CDA0018057A /* SignInWithAppleView.swift in Sources */,
				A64CA55F27692CCB0018057A /* PostDetailsView.swift in Sources */,
				C0A81645276A7C13007BF82C /* PostItem.swift in Sources */,
				A64CA55A27692CBB0018057A /* User.swift in Sources */,
				C8EECD3B276BA9E6009C60A0 /* DateFormat.swift in Sources */,
				A64CA56627692CE00018057A /* ServerService.swift in Sources */,
				A64CA56327692CD70018057A /* ProfileView.swift in Sources */,
				A64CA56527692CDD0018057A /* FormProfileRegView.swift in Sources */,
				A64CA56227692CD40018057A /* MyPostsView.swift in Sources */,
				A64CA55927692CB30018057A /* MainView.swift in Sources */,
				A64CA56127692CD10018057A /* FormPostView.swift in Sources */,
				A64CA56A27692CED0018057A /* CategoryView.swift in Sources */,
				A64CA55B27692CBF0018057A /* PetPost.swift in Sources */,
				A64CA55E27692CC70018057A /* PostCard.swift in Sources */,
				A64CA56927692CEA0018057A /* UrlRoute.swift in Sources */,
				C0A81641276A77EC007BF82C /* PetPostAndUser.swift in Sources */,
				A64CA56C27692D310018057A /* MiaujudaApp.swift in Sources */,
				A64CA56827692CE70018057A /* ItemCategory.swift in Sources */,
				A64CA56727692CE40018057A /* ColorExtension.swift in Sources */,
			);
			runOnlyForDeploymentPostprocessing = 0;
		};
		A654BD3D276A560000FF6764 /* Sources */ = {
			isa = PBXSourcesBuildPhase;
			buildActionMask = 2147483647;
			files = (
				A654BD49276A560100FF6764 /* MiaujudaWidget.swift in Sources */,
				C0D58C32276B95870097D7C1 /* PetPostStatus.swift in Sources */,
				C0A81642276A7847007BF82C /* PetPostAndUser.swift in Sources */,
				A654BD54276A576000FF6764 /* PetPost.swift in Sources */,
				A654BD55276A58C400FF6764 /* ServerService.swift in Sources */,
				A654BD58276A5CBC00FF6764 /* UrlRoute.swift in Sources */,
				A654BD57276A5A5D00FF6764 /* User.swift in Sources */,
				C8EECD3D276BACD8009C60A0 /* DateFormat.swift in Sources */,
				A654BD56276A5A5900FF6764 /* ColorExtension.swift in Sources */,
			);
			runOnlyForDeploymentPostprocessing = 0;
		};
/* End PBXSourcesBuildPhase section */

/* Begin PBXTargetDependency section */
		A63CAA7E276A37C000E54D88 /* PBXTargetDependency */ = {
			isa = PBXTargetDependency;
			target = A63CAA6F276A37BE00E54D88 /* MiaujudaClip */;
			targetProxy = A63CAA7D276A37C000E54D88 /* PBXContainerItemProxy */;
		};
		A654BD4E276A560200FF6764 /* PBXTargetDependency */ = {
			isa = PBXTargetDependency;
			target = A654BD40276A560000FF6764 /* MiaujudaWidgetExtension */;
			targetProxy = A654BD4D276A560200FF6764 /* PBXContainerItemProxy */;
		};
/* End PBXTargetDependency section */

/* Begin XCBuildConfiguration section */
		A63CAA81276A37C000E54D88 /* Debug */ = {
			isa = XCBuildConfiguration;
			buildSettings = {
				ASSETCATALOG_COMPILER_APPICON_NAME = AppIcon;
				ASSETCATALOG_COMPILER_GLOBAL_ACCENT_COLOR_NAME = AccentColor;
				CODE_SIGN_ENTITLEMENTS = MiaujudaClip/MiaujudaClip.entitlements;
				CODE_SIGN_STYLE = Automatic;
				CURRENT_PROJECT_VERSION = 1;
				DEVELOPMENT_ASSET_PATHS = "\"MiaujudaClip/Preview Content\"";
				DEVELOPMENT_TEAM = 337G99FP8D;
				ENABLE_PREVIEWS = YES;
				GENERATE_INFOPLIST_FILE = YES;
				INFOPLIST_FILE = MiaujudaClip/Info.plist;
				INFOPLIST_KEY_CFBundleDisplayName = Miaujuda;
				INFOPLIST_KEY_UIApplicationSceneManifest_Generation = YES;
				INFOPLIST_KEY_UIApplicationSupportsIndirectInputEvents = YES;
				INFOPLIST_KEY_UILaunchScreen_Generation = YES;
				INFOPLIST_KEY_UISupportedInterfaceOrientations_iPad = "UIInterfaceOrientationPortrait UIInterfaceOrientationPortraitUpsideDown UIInterfaceOrientationLandscapeLeft UIInterfaceOrientationLandscapeRight";
				INFOPLIST_KEY_UISupportedInterfaceOrientations_iPhone = "UIInterfaceOrientationPortrait UIInterfaceOrientationLandscapeLeft UIInterfaceOrientationLandscapeRight";
				IPHONEOS_DEPLOYMENT_TARGET = 15.0;
				LD_RUNPATH_SEARCH_PATHS = (
					"$(inherited)",
					"@executable_path/Frameworks",
				);
				MARKETING_VERSION = 0.1.0;
				PRODUCT_BUNDLE_IDENTIFIER = com.vitorgk.Miaujuda.Clip;
				PRODUCT_NAME = "$(TARGET_NAME)";
				SWIFT_EMIT_LOC_STRINGS = YES;
				SWIFT_VERSION = 5.0;
				TARGETED_DEVICE_FAMILY = "1,2";
			};
			name = Debug;
		};
		A63CAA82276A37C000E54D88 /* Release */ = {
			isa = XCBuildConfiguration;
			buildSettings = {
				ASSETCATALOG_COMPILER_APPICON_NAME = AppIcon;
				ASSETCATALOG_COMPILER_GLOBAL_ACCENT_COLOR_NAME = AccentColor;
				CODE_SIGN_ENTITLEMENTS = MiaujudaClip/MiaujudaClip.entitlements;
				CODE_SIGN_STYLE = Automatic;
				CURRENT_PROJECT_VERSION = 1;
				DEVELOPMENT_ASSET_PATHS = "\"MiaujudaClip/Preview Content\"";
				DEVELOPMENT_TEAM = 337G99FP8D;
				ENABLE_PREVIEWS = YES;
				GENERATE_INFOPLIST_FILE = YES;
				INFOPLIST_FILE = MiaujudaClip/Info.plist;
				INFOPLIST_KEY_CFBundleDisplayName = Miaujuda;
				INFOPLIST_KEY_UIApplicationSceneManifest_Generation = YES;
				INFOPLIST_KEY_UIApplicationSupportsIndirectInputEvents = YES;
				INFOPLIST_KEY_UILaunchScreen_Generation = YES;
				INFOPLIST_KEY_UISupportedInterfaceOrientations_iPad = "UIInterfaceOrientationPortrait UIInterfaceOrientationPortraitUpsideDown UIInterfaceOrientationLandscapeLeft UIInterfaceOrientationLandscapeRight";
				INFOPLIST_KEY_UISupportedInterfaceOrientations_iPhone = "UIInterfaceOrientationPortrait UIInterfaceOrientationLandscapeLeft UIInterfaceOrientationLandscapeRight";
				IPHONEOS_DEPLOYMENT_TARGET = 15.0;
				LD_RUNPATH_SEARCH_PATHS = (
					"$(inherited)",
					"@executable_path/Frameworks",
				);
				MARKETING_VERSION = 0.1.0;
				PRODUCT_BUNDLE_IDENTIFIER = com.vitorgk.Miaujuda.Clip;
				PRODUCT_NAME = "$(TARGET_NAME)";
				SWIFT_EMIT_LOC_STRINGS = YES;
				SWIFT_VERSION = 5.0;
				TARGETED_DEVICE_FAMILY = "1,2";
			};
			name = Release;
		};
		A64CA55527692C880018057A /* Debug */ = {
			isa = XCBuildConfiguration;
			buildSettings = {
				ALWAYS_EMBED_SWIFT_STANDARD_LIBRARIES = YES;
				ASSETCATALOG_COMPILER_APPICON_NAME = AppIcon;
				ASSETCATALOG_COMPILER_GLOBAL_ACCENT_COLOR_NAME = AccentColor;
				CODE_SIGN_ENTITLEMENTS = Miaujuda/Miaujuda.entitlements;
				CODE_SIGN_STYLE = Automatic;
				CURRENT_PROJECT_VERSION = 1;
				DEVELOPMENT_ASSET_PATHS = "\"Miaujuda/Preview Content\"";
				DEVELOPMENT_TEAM = 337G99FP8D;
				ENABLE_PREVIEWS = YES;
				GENERATE_INFOPLIST_FILE = YES;
				INFOPLIST_KEY_UIApplicationSceneManifest_Generation = YES;
				INFOPLIST_KEY_UIApplicationSupportsIndirectInputEvents = YES;
				INFOPLIST_KEY_UILaunchScreen_Generation = YES;
				INFOPLIST_KEY_UISupportedInterfaceOrientations_iPad = "UIInterfaceOrientationPortrait UIInterfaceOrientationPortraitUpsideDown UIInterfaceOrientationLandscapeLeft UIInterfaceOrientationLandscapeRight";
				INFOPLIST_KEY_UISupportedInterfaceOrientations_iPhone = "UIInterfaceOrientationPortrait UIInterfaceOrientationLandscapeLeft UIInterfaceOrientationLandscapeRight";
				IPHONEOS_DEPLOYMENT_TARGET = 15.0;
				LD_RUNPATH_SEARCH_PATHS = (
					"$(inherited)",
					"@executable_path/Frameworks",
				);
				MARKETING_VERSION = 0.1.0;
				PRODUCT_BUNDLE_IDENTIFIER = com.vitorgk.Miaujuda;
				PRODUCT_NAME = "$(TARGET_NAME)";
				SWIFT_EMIT_LOC_STRINGS = YES;
				SWIFT_VERSION = 5.0;
				TARGETED_DEVICE_FAMILY = "1,2";
			};
			name = Debug;
		};
		A64CA55627692C880018057A /* Release */ = {
			isa = XCBuildConfiguration;
			buildSettings = {
				ALWAYS_EMBED_SWIFT_STANDARD_LIBRARIES = YES;
				ASSETCATALOG_COMPILER_APPICON_NAME = AppIcon;
				ASSETCATALOG_COMPILER_GLOBAL_ACCENT_COLOR_NAME = AccentColor;
				CODE_SIGN_ENTITLEMENTS = Miaujuda/Miaujuda.entitlements;
				CODE_SIGN_STYLE = Automatic;
				CURRENT_PROJECT_VERSION = 1;
				DEVELOPMENT_ASSET_PATHS = "\"Miaujuda/Preview Content\"";
				DEVELOPMENT_TEAM = 337G99FP8D;
				ENABLE_PREVIEWS = YES;
				GENERATE_INFOPLIST_FILE = YES;
				INFOPLIST_KEY_UIApplicationSceneManifest_Generation = YES;
				INFOPLIST_KEY_UIApplicationSupportsIndirectInputEvents = YES;
				INFOPLIST_KEY_UILaunchScreen_Generation = YES;
				INFOPLIST_KEY_UISupportedInterfaceOrientations_iPad = "UIInterfaceOrientationPortrait UIInterfaceOrientationPortraitUpsideDown UIInterfaceOrientationLandscapeLeft UIInterfaceOrientationLandscapeRight";
				INFOPLIST_KEY_UISupportedInterfaceOrientations_iPhone = "UIInterfaceOrientationPortrait UIInterfaceOrientationLandscapeLeft UIInterfaceOrientationLandscapeRight";
				IPHONEOS_DEPLOYMENT_TARGET = 15.0;
				LD_RUNPATH_SEARCH_PATHS = (
					"$(inherited)",
					"@executable_path/Frameworks",
				);
				MARKETING_VERSION = 0.1.0;
				PRODUCT_BUNDLE_IDENTIFIER = com.vitorgk.Miaujuda;
				PRODUCT_NAME = "$(TARGET_NAME)";
				SWIFT_EMIT_LOC_STRINGS = YES;
				SWIFT_VERSION = 5.0;
				TARGETED_DEVICE_FAMILY = "1,2";
			};
			name = Release;
		};
		A654BD51276A560200FF6764 /* Debug */ = {
			isa = XCBuildConfiguration;
			buildSettings = {
				ASSETCATALOG_COMPILER_GLOBAL_ACCENT_COLOR_NAME = AccentColor;
				ASSETCATALOG_COMPILER_WIDGET_BACKGROUND_COLOR_NAME = WidgetBackground;
				CODE_SIGN_STYLE = Automatic;
				CURRENT_PROJECT_VERSION = 1;
				DEVELOPMENT_TEAM = 337G99FP8D;
				GENERATE_INFOPLIST_FILE = YES;
				INFOPLIST_FILE = MiaujudaWidget/Info.plist;
				INFOPLIST_KEY_CFBundleDisplayName = MiaujudaWidget;
				INFOPLIST_KEY_NSHumanReadableCopyright = "";
				LD_RUNPATH_SEARCH_PATHS = (
					"$(inherited)",
					"@executable_path/Frameworks",
					"@executable_path/../../Frameworks",
				);
				MARKETING_VERSION = 0.1.0;
				PRODUCT_BUNDLE_IDENTIFIER = com.vitorgk.Miaujuda.MiaujudaWidget;
				PRODUCT_NAME = "$(TARGET_NAME)";
				SKIP_INSTALL = YES;
				SWIFT_EMIT_LOC_STRINGS = YES;
				SWIFT_VERSION = 5.0;
				TARGETED_DEVICE_FAMILY = "1,2";
			};
			name = Debug;
		};
		A654BD52276A560200FF6764 /* Release */ = {
			isa = XCBuildConfiguration;
			buildSettings = {
				ASSETCATALOG_COMPILER_GLOBAL_ACCENT_COLOR_NAME = AccentColor;
				ASSETCATALOG_COMPILER_WIDGET_BACKGROUND_COLOR_NAME = WidgetBackground;
				CODE_SIGN_STYLE = Automatic;
				CURRENT_PROJECT_VERSION = 1;
				DEVELOPMENT_TEAM = 337G99FP8D;
				GENERATE_INFOPLIST_FILE = YES;
				INFOPLIST_FILE = MiaujudaWidget/Info.plist;
				INFOPLIST_KEY_CFBundleDisplayName = MiaujudaWidget;
				INFOPLIST_KEY_NSHumanReadableCopyright = "";
				LD_RUNPATH_SEARCH_PATHS = (
					"$(inherited)",
					"@executable_path/Frameworks",
					"@executable_path/../../Frameworks",
				);
				MARKETING_VERSION = 0.1.0;
				PRODUCT_BUNDLE_IDENTIFIER = com.vitorgk.Miaujuda.MiaujudaWidget;
				PRODUCT_NAME = "$(TARGET_NAME)";
				SKIP_INSTALL = YES;
				SWIFT_EMIT_LOC_STRINGS = YES;
				SWIFT_VERSION = 5.0;
				TARGETED_DEVICE_FAMILY = "1,2";
			};
			name = Release;
		};
		C0282818275ECAB500AB080F /* Debug */ = {
			isa = XCBuildConfiguration;
			buildSettings = {
				ALWAYS_SEARCH_USER_PATHS = NO;
				CLANG_ANALYZER_NONNULL = YES;
				CLANG_ANALYZER_NUMBER_OBJECT_CONVERSION = YES_AGGRESSIVE;
				CLANG_CXX_LANGUAGE_STANDARD = "gnu++17";
				CLANG_CXX_LIBRARY = "libc++";
				CLANG_ENABLE_MODULES = YES;
				CLANG_ENABLE_OBJC_ARC = YES;
				CLANG_ENABLE_OBJC_WEAK = YES;
				CLANG_WARN_BLOCK_CAPTURE_AUTORELEASING = YES;
				CLANG_WARN_BOOL_CONVERSION = YES;
				CLANG_WARN_COMMA = YES;
				CLANG_WARN_CONSTANT_CONVERSION = YES;
				CLANG_WARN_DEPRECATED_OBJC_IMPLEMENTATIONS = YES;
				CLANG_WARN_DIRECT_OBJC_ISA_USAGE = YES_ERROR;
				CLANG_WARN_DOCUMENTATION_COMMENTS = YES;
				CLANG_WARN_EMPTY_BODY = YES;
				CLANG_WARN_ENUM_CONVERSION = YES;
				CLANG_WARN_INFINITE_RECURSION = YES;
				CLANG_WARN_INT_CONVERSION = YES;
				CLANG_WARN_NON_LITERAL_NULL_CONVERSION = YES;
				CLANG_WARN_OBJC_IMPLICIT_RETAIN_SELF = YES;
				CLANG_WARN_OBJC_LITERAL_CONVERSION = YES;
				CLANG_WARN_OBJC_ROOT_CLASS = YES_ERROR;
				CLANG_WARN_QUOTED_INCLUDE_IN_FRAMEWORK_HEADER = YES;
				CLANG_WARN_RANGE_LOOP_ANALYSIS = YES;
				CLANG_WARN_STRICT_PROTOTYPES = YES;
				CLANG_WARN_SUSPICIOUS_MOVE = YES;
				CLANG_WARN_UNGUARDED_AVAILABILITY = YES_AGGRESSIVE;
				CLANG_WARN_UNREACHABLE_CODE = YES;
				CLANG_WARN__DUPLICATE_METHOD_MATCH = YES;
				COPY_PHASE_STRIP = NO;
				DEBUG_INFORMATION_FORMAT = dwarf;
				ENABLE_STRICT_OBJC_MSGSEND = YES;
				ENABLE_TESTABILITY = YES;
				GCC_C_LANGUAGE_STANDARD = gnu11;
				GCC_DYNAMIC_NO_PIC = NO;
				GCC_NO_COMMON_BLOCKS = YES;
				GCC_OPTIMIZATION_LEVEL = 0;
				GCC_PREPROCESSOR_DEFINITIONS = (
					"DEBUG=1",
					"$(inherited)",
				);
				GCC_WARN_64_TO_32_BIT_CONVERSION = YES;
				GCC_WARN_ABOUT_RETURN_TYPE = YES_ERROR;
				GCC_WARN_UNDECLARED_SELECTOR = YES;
				GCC_WARN_UNINITIALIZED_AUTOS = YES_AGGRESSIVE;
				GCC_WARN_UNUSED_FUNCTION = YES;
				GCC_WARN_UNUSED_VARIABLE = YES;
				IPHONEOS_DEPLOYMENT_TARGET = 15.0;
				MTL_ENABLE_DEBUG_INFO = INCLUDE_SOURCE;
				MTL_FAST_MATH = YES;
				ONLY_ACTIVE_ARCH = YES;
				SDKROOT = iphoneos;
				SWIFT_ACTIVE_COMPILATION_CONDITIONS = DEBUG;
				SWIFT_OPTIMIZATION_LEVEL = "-Onone";
			};
			name = Debug;
		};
		C0282819275ECAB500AB080F /* Release */ = {
			isa = XCBuildConfiguration;
			buildSettings = {
				ALWAYS_SEARCH_USER_PATHS = NO;
				CLANG_ANALYZER_NONNULL = YES;
				CLANG_ANALYZER_NUMBER_OBJECT_CONVERSION = YES_AGGRESSIVE;
				CLANG_CXX_LANGUAGE_STANDARD = "gnu++17";
				CLANG_CXX_LIBRARY = "libc++";
				CLANG_ENABLE_MODULES = YES;
				CLANG_ENABLE_OBJC_ARC = YES;
				CLANG_ENABLE_OBJC_WEAK = YES;
				CLANG_WARN_BLOCK_CAPTURE_AUTORELEASING = YES;
				CLANG_WARN_BOOL_CONVERSION = YES;
				CLANG_WARN_COMMA = YES;
				CLANG_WARN_CONSTANT_CONVERSION = YES;
				CLANG_WARN_DEPRECATED_OBJC_IMPLEMENTATIONS = YES;
				CLANG_WARN_DIRECT_OBJC_ISA_USAGE = YES_ERROR;
				CLANG_WARN_DOCUMENTATION_COMMENTS = YES;
				CLANG_WARN_EMPTY_BODY = YES;
				CLANG_WARN_ENUM_CONVERSION = YES;
				CLANG_WARN_INFINITE_RECURSION = YES;
				CLANG_WARN_INT_CONVERSION = YES;
				CLANG_WARN_NON_LITERAL_NULL_CONVERSION = YES;
				CLANG_WARN_OBJC_IMPLICIT_RETAIN_SELF = YES;
				CLANG_WARN_OBJC_LITERAL_CONVERSION = YES;
				CLANG_WARN_OBJC_ROOT_CLASS = YES_ERROR;
				CLANG_WARN_QUOTED_INCLUDE_IN_FRAMEWORK_HEADER = YES;
				CLANG_WARN_RANGE_LOOP_ANALYSIS = YES;
				CLANG_WARN_STRICT_PROTOTYPES = YES;
				CLANG_WARN_SUSPICIOUS_MOVE = YES;
				CLANG_WARN_UNGUARDED_AVAILABILITY = YES_AGGRESSIVE;
				CLANG_WARN_UNREACHABLE_CODE = YES;
				CLANG_WARN__DUPLICATE_METHOD_MATCH = YES;
				COPY_PHASE_STRIP = NO;
				DEBUG_INFORMATION_FORMAT = "dwarf-with-dsym";
				ENABLE_NS_ASSERTIONS = NO;
				ENABLE_STRICT_OBJC_MSGSEND = YES;
				GCC_C_LANGUAGE_STANDARD = gnu11;
				GCC_NO_COMMON_BLOCKS = YES;
				GCC_WARN_64_TO_32_BIT_CONVERSION = YES;
				GCC_WARN_ABOUT_RETURN_TYPE = YES_ERROR;
				GCC_WARN_UNDECLARED_SELECTOR = YES;
				GCC_WARN_UNINITIALIZED_AUTOS = YES_AGGRESSIVE;
				GCC_WARN_UNUSED_FUNCTION = YES;
				GCC_WARN_UNUSED_VARIABLE = YES;
				IPHONEOS_DEPLOYMENT_TARGET = 15.0;
				MTL_ENABLE_DEBUG_INFO = NO;
				MTL_FAST_MATH = YES;
				SDKROOT = iphoneos;
				SWIFT_COMPILATION_MODE = wholemodule;
				SWIFT_OPTIMIZATION_LEVEL = "-O";
				VALIDATE_PRODUCT = YES;
			};
			name = Release;
		};
/* End XCBuildConfiguration section */

/* Begin XCConfigurationList section */
		A63CAA80276A37C000E54D88 /* Build configuration list for PBXNativeTarget "MiaujudaClip" */ = {
			isa = XCConfigurationList;
			buildConfigurations = (
				A63CAA81276A37C000E54D88 /* Debug */,
				A63CAA82276A37C000E54D88 /* Release */,
			);
			defaultConfigurationIsVisible = 0;
			defaultConfigurationName = Release;
		};
		A64CA55427692C880018057A /* Build configuration list for PBXNativeTarget "Miaujuda" */ = {
			isa = XCConfigurationList;
			buildConfigurations = (
				A64CA55527692C880018057A /* Debug */,
				A64CA55627692C880018057A /* Release */,
			);
			defaultConfigurationIsVisible = 0;
			defaultConfigurationName = Release;
		};
		A654BD53276A560200FF6764 /* Build configuration list for PBXNativeTarget "MiaujudaWidgetExtension" */ = {
			isa = XCConfigurationList;
			buildConfigurations = (
				A654BD51276A560200FF6764 /* Debug */,
				A654BD52276A560200FF6764 /* Release */,
			);
			defaultConfigurationIsVisible = 0;
			defaultConfigurationName = Release;
		};
		C0282807275ECAB400AB080F /* Build configuration list for PBXProject "Project P" */ = {
			isa = XCConfigurationList;
			buildConfigurations = (
				C0282818275ECAB500AB080F /* Debug */,
				C0282819275ECAB500AB080F /* Release */,
			);
			defaultConfigurationIsVisible = 0;
			defaultConfigurationName = Release;
		};
/* End XCConfigurationList section */
	};
	rootObject = C0282804275ECAB400AB080F /* Project object */;
}
